
Microsoft Visual Studio Solution File, Format Version 12.00
Project("{FAE04EC0-301F-11D3-BF4B-00C04F79EFBC}") = "BrsModel", "BrsModel\BrsModel.csproj", "{2874C75B-FDCD-4FD8-B147-DF0249DF9092}"
EndProject
Project("{FAE04EC0-301F-11D3-BF4B-00C04F79EFBC}") = "BrsClient", "BrsClient\BrsClient.csproj", "{C5EDC62B-C287-449F-A4D0-718221949661}"
EndProject
Global
	GlobalSection(SolutionConfigurationPlatforms) = preSolution
		Debug|Any CPU = Debug|Any CPU
		Release|Any CPU = Release|Any CPU
	EndGlobalSection
	GlobalSection(ProjectConfigurationPlatforms) = postSolution
		{2874C75B-FDCD-4FD8-B147-DF0249DF9092}.Debug|Any CPU.ActiveCfg = Debug|Any CPU
		{2874C75B-FDCD-4FD8-B147-DF0249DF9092}.Debug|Any CPU.Build.0 = Debug|Any CPU
		{2874C75B-FDCD-4FD8-B147-DF0249DF9092}.Release|Any CPU.ActiveCfg = Release|Any CPU
		{2874C75B-FDCD-4FD8-B147-DF0249DF9092}.Release|Any CPU.Build.0 = Release|Any CPU
		{C5EDC62B-C287-449F-A4D0-718221949661}.Debug|Any CPU.ActiveCfg = Debug|Any CPU
		{C5EDC62B-C287-449F-A4D0-718221949661}.Debug|Any CPU.Build.0 = Debug|Any CPU
		{C5EDC62B-C287-449F-A4D0-718221949661}.Release|Any CPU.ActiveCfg = Release|Any CPU
		{C5EDC62B-C287-449F-A4D0-718221949661}.Release|Any CPU.Build.0 = Release|Any CPU
	EndGlobalSection
EndGlobal
